lockfileVersion: '6.0'

dependencies:
  '@jbx-protocol/juice-contracts-v3':
    specifier: ^2.0.3
    version: 2.0.3
  '@openzeppelin/contracts':
    specifier: ^4.9.2
    version: 4.9.2
  '@paulrberg/contracts':
    specifier: ^3.7.0
    version: 3.7.0(prb-math@2.4.3)

packages:

  /@babel/runtime@7.22.5:
    resolution: {integrity: sha512-ecjvYlnAaZ/KVneE/OdKYBYfgXV3Ptu6zQWmgEF7vwKhQnvVS6bjMD2XYgj+SNvQ1GfK/pjgokfPkC/2CO8CuA==}
    engines: {node: '>=6.9.0'}
    dependencies:
      regenerator-runtime: 0.13.11
    dev: false

  /@ethersproject/bignumber@5.7.0:
    resolution: {integrity: sha512-n1CAdIHRWjSucQO3MC1zPSVgV/6dy/fjL9pMrPP9peL+QxEg9wOsVqwD4+818B6LUEtaXzVHQiuivzRoxPxUGw==}
    dependencies:
      '@ethersproject/bytes': 5.7.0
      '@ethersproject/logger': 5.7.0
      bn.js: 5.2.1
    dev: false

  /@ethersproject/bytes@5.7.0:
    resolution: {integrity: sha512-nsbxwgFXWh9NyYWo+U8atvmMsSdKJprTcICAkvbBffT75qDocbuggBU0SJiVK2MuTrp0q+xvLkTnGMPK1+uA9A==}
    dependencies:
      '@ethersproject/logger': 5.7.0
    dev: false

  /@ethersproject/logger@5.7.0:
    resolution: {integrity: sha512-0odtFdXu/XHtjQXJYA3u9G0G8btm0ND5Cu8M7i5vhEcE8/HmF4Lbdqanwyv4uQTr2tx6b7fQRmgLrsnpQlmnig==}
    dev: false

  /@jbx-protocol/juice-contracts-v3@2.0.3:
    resolution: {integrity: sha512-lYXRYlhUzsR9xLrzXTq95Ps3rE6xNDrgKhZ+yiitdPRRkAPPA887BtSt72BamsKUiHl3xAoKGYIvv+3b/h9/UA==}
    dev: false

  /@openzeppelin/contracts@4.9.2:
    resolution: {integrity: sha512-mO+y6JaqXjWeMh9glYVzVu8HYPGknAAnWyxTRhGeckOruyXQMNnlcW6w/Dx9ftLeIQk6N+ZJFuVmTwF7lEIFrg==}
    dev: false

  /@paulrberg/contracts@3.7.0(prb-math@2.4.3):
    resolution: {integrity: sha512-vOBN0P1xjT0rJqQs8DZ1B48qO0tHx6tabfGomsWC57EUMQzEYY/Kw8jS6uVbpeJRes1X+mPXcxmEoilAvUN7Ng==}
    peerDependencies:
      prb-math: 2.x
    dependencies:
      prb-math: 2.4.3(@ethersproject/bignumber@5.7.0)(evm-bn@1.1.2)(mathjs@10.6.4)
    dev: false

  /bn.js@5.2.1:
    resolution: {integrity: sha512-eXRvHzWyYPBuB4NBy0cmYQjGitUrtqwbvlzP3G6VFnNRbsZQIxQ10PbKKHt8gZ/HW/D/747aDl+QkDqg3KQLMQ==}
    dev: false

  /complex.js@2.1.1:
    resolution: {integrity: sha512-8njCHOTtFFLtegk6zQo0kkVX1rngygb/KQI6z1qZxlFI3scluC+LVTCFbrkWjBv4vvLlbQ9t88IPMC6k95VTTg==}
    dev: false

  /decimal.js@10.4.3:
    resolution: {integrity: sha512-VBBaLc1MgL5XpzgIP7ny5Z6Nx3UrRkIViUkPUdtl9aya5amy3De1gsUUSB1g3+3sExYNjCAsAznmukyxCb1GRA==}
    dev: false

  /escape-latex@1.2.0:
    resolution: {integrity: sha512-nV5aVWW1K0wEiUIEdZ4erkGGH8mDxGyxSeqPzRNtWP7ataw+/olFObw7hujFWlVjNsaDFw5VZ5NzVSIqRgfTiw==}
    dev: false

  /evm-bn@1.1.2(@ethersproject/bignumber@5.7.0):
    resolution: {integrity: sha512-Lq8CT1EAjSeN+Yk0h1hpSwnZyMA4Xir6fQD4vlStljAuW2xr7qLOEGDLGsTa9sU2e40EYIumA4wYhMC/e+lyKw==}
    peerDependencies:
      '@ethersproject/bignumber': 5.x
    dependencies:
      '@ethersproject/bignumber': 5.7.0
      from-exponential: 1.1.1
    dev: false

  /fraction.js@4.2.0:
    resolution: {integrity: sha512-MhLuK+2gUcnZe8ZHlaaINnQLl0xRIGRfcGk2yl8xoQAfHrSsL3rYu6FCmBdkdbhc9EPlwyGHewaRsvwRMJtAlA==}
    dev: false

  /from-exponential@1.1.1:
    resolution: {integrity: sha512-VBE7f5OVnYwdgB3LHa+Qo29h8qVpxhVO9Trlc+AWm+/XNAgks1tAwMFHb33mjeiof77GglsJzeYF7OqXrROP/A==}
    dev: false

  /javascript-natural-sort@0.7.1:
    resolution: {integrity: sha512-nO6jcEfZWQXDhOiBtG2KvKyEptz7RVbpGP4vTD2hLBdmNQSsCiicO2Ioinv6UI4y9ukqnBpy+XZ9H6uLNgJTlw==}
    dev: false

  /mathjs@10.6.4:
    resolution: {integrity: sha512-omQyvRE1jIy+3k2qsqkWASOcd45aZguXZDckr3HtnTYyXk5+2xpVfC3kATgbO2Srjxlqww3TVdhD0oUdZ/hiFA==}
    engines: {node: '>= 14'}
    hasBin: true
    dependencies:
      '@babel/runtime': 7.22.5
      complex.js: 2.1.1
      decimal.js: 10.4.3
      escape-latex: 1.2.0
      fraction.js: 4.2.0
      javascript-natural-sort: 0.7.1
      seedrandom: 3.0.5
      tiny-emitter: 2.1.0
      typed-function: 2.1.0
    dev: false

  /prb-math@2.4.3(@ethersproject/bignumber@5.7.0)(evm-bn@1.1.2)(mathjs@10.6.4):
    resolution: {integrity: sha512-t5jncEscKmWg7COkMkmbXXxSeDI6Xl21rxx5e+oxUCqskNvsu6Q9RqdVfGY6y+sMwyMQE8DJ/OOyQ9ExH1yfbw==}
    deprecated: package no longer maintained, you should install @prb/math instead
    peerDependencies:
      '@ethersproject/bignumber': 5.x
      evm-bn: 1.x
      mathjs: 10.x
    dependencies:
      '@ethersproject/bignumber': 5.7.0
      decimal.js: 10.4.3
      evm-bn: 1.1.2(@ethersproject/bignumber@5.7.0)
      mathjs: 10.6.4
    dev: false

  /regenerator-runtime@0.13.11:
    resolution: {integrity: sha512-kY1AZVr2Ra+t+piVaJ4gxaFaReZVH40AKNo7UCX6W+dEwBo/2oZJzqfuN1qLq1oL45o56cPaTXELwrTh8Fpggg==}
    dev: false

  /seedrandom@3.0.5:
    resolution: {integrity: sha512-8OwmbklUNzwezjGInmZ+2clQmExQPvomqjL7LFqOYqtmuxRgQYqOD3mHaU+MvZn5FLUeVxVfQjwLZW/n/JFuqg==}
    dev: false

  /tiny-emitter@2.1.0:
    resolution: {integrity: sha512-NB6Dk1A9xgQPMoGqC5CVXn123gWyte215ONT5Pp5a0yt4nlEoO1ZWeCwpncaekPHXO60i47ihFnZPiRPjRMq4Q==}
    dev: false

  /typed-function@2.1.0:
    resolution: {integrity: sha512-bctQIOqx2iVbWGDGPWwIm18QScpu2XRmkC19D8rQGFsjKSgteq/o1hTZvIG/wuDq8fanpBDrLkLq+aEN/6y5XQ==}
    engines: {node: '>= 10'}
    dev: false
